<?xml version="1.0" encoding="utf-8"?>
<Project ToolsVersion="4.0" xmlns="http://schemas.microsoft.com/developer/msbuild/2003">
  <ItemGroup>
    <Filter Include="Source Files">
      <UniqueIdentifier>{4FC737F1-C7A5-4376-A066-2A32D752A2FF}</UniqueIdentifier>
      <Extensions>cpp;c;cc;cxx;c++;cppm;ixx;def;odl;idl;hpj;bat;asm;asmx</Extensions>
    </Filter>
    <Filter Include="Header Files">
      <UniqueIdentifier>{93995380-89BD-4b04-88EB-625FBE52EBFB}</UniqueIdentifier>
      <Extensions>h;hh;hpp;hxx;h++;hm;inl;inc;ipp;xsd</Extensions>
    </Filter>
    <Filter Include="Resource Files">
      <UniqueIdentifier>{67DA6AB6-F800-4c08-8B7A-83BB121AAD01}</UniqueIdentifier>
      <Extensions>rc;ico;cur;bmp;dlg;rc2;rct;bin;rgs;gif;jpg;jpeg;jpe;resx;tiff;tif;png;wav;mfcribbon-ms</Extensions>
    </Filter>
  </ItemGroup>
  <ItemGroup>
    <ClInclude Include="Encryption\Headers\AESWrapper.h">
      <Filter>Header Files</Filter>
    </ClInclude>
    <ClInclude Include="Encryption\Headers\RSAWrapper.h">
      <Filter>Header Files</Filter>
    </ClInclude>
    <ClInclude Include="Encryption\Headers\Base64Wrapper.h">
      <Filter>Header Files</Filter>
    </ClInclude>
    <ClInclude Include="Utils\Headers\Checksum.h">
      <Filter>Header Files</Filter>
    </ClInclude>
    <ClInclude Include="Utils\Headers\Constants.h">
      <Filter>Header Files</Filter>
    </ClInclude>
    <ClInclude Include="Utils\Headers\Serialize.h">
      <Filter>Header Files</Filter>
    </ClInclude>
    <ClInclude Include="User\Header\User.h">
      <Filter>Header Files</Filter>
    </ClInclude>
    <ClInclude Include="Config\Headers\ClientConfig.h">
      <Filter>Header Files</Filter>
    </ClInclude>
    <ClInclude Include="Config\Headers\TransferConfig.h">
      <Filter>Header Files</Filter>
    </ClInclude>
    <ClInclude Include="Request\Headers\CRC\CRCRequestPayload.h">
      <Filter>Header Files</Filter>
    </ClInclude>
    <ClInclude Include="Request\Headers\CRC\CRCRequest.h">
      <Filter>Header Files</Filter>
    </ClInclude>
    <ClInclude Include="Request\Headers\FileUpload\FileUploadRequest.h">
      <Filter>Header Files</Filter>
    </ClInclude>
    <ClInclude Include="Request\Headers\FileUpload\FileUploadPayload.h">
      <Filter>Header Files</Filter>
    </ClInclude>
    <ClInclude Include="Request\Headers\PublicKeyExchange\PublicKeyExchangePayload.h">
      <Filter>Header Files</Filter>
    </ClInclude>
    <ClInclude Include="Request\Headers\PublicKeyExchange\PublicKeyExchangeRequest.h">
      <Filter>Header Files</Filter>
    </ClInclude>
    <ClInclude Include="Request\Headers\UserRegisteration\UserRegistrationPayload.h">
      <Filter>Header Files</Filter>
    </ClInclude>
    <ClInclude Include="Request\Headers\UserRegisteration\UserRegisterationRequest.h">
      <Filter>Header Files</Filter>
    </ClInclude>
    <ClInclude Include="Request\Headers\Request\RequestCode.h">
      <Filter>Header Files</Filter>
    </ClInclude>
    <ClInclude Include="Request\Headers\Request\RequestHeader.h">
      <Filter>Header Files</Filter>
    </ClInclude>
    <ClInclude Include="Request\Headers\Request\Request.h">
      <Filter>Header Files</Filter>
    </ClInclude>
    <ClInclude Include="Response\Headers\AESKeyExchange.h">
      <Filter>Header Files</Filter>
    </ClInclude>
    <ClInclude Include="Response\Headers\FileUploadSuccess.h">
      <Filter>Header Files</Filter>
    </ClInclude>
    <ClInclude Include="Response\Headers\RegisterResponse.h">
      <Filter>Header Files</Filter>
    </ClInclude>
    <ClInclude Include="Response\Headers\ResponseCode.h">
      <Filter>Header Files</Filter>
    </ClInclude>
    <ClInclude Include="Response\Headers\ResponseHeader.h">
      <Filter>Header Files</Filter>
    </ClInclude>
  </ItemGroup>
  <ItemGroup>
    <ClCompile Include="Encryption\Implementation\AESWrapper.cpp">
      <Filter>Source Files</Filter>
    </ClCompile>
    <ClCompile Include="Encryption\Implementation\Base64Wrapper.cpp">
      <Filter>Source Files</Filter>
    </ClCompile>
    <ClCompile Include="Encryption\Implementation\RSAWrapper.cpp">
      <Filter>Source Files</Filter>
    </ClCompile>
    <ClCompile Include="Utils\Implementation\Checksum.cpp">
      <Filter>Source Files</Filter>
    </ClCompile>
    <ClCompile Include="Config\Implementation\TransferConfig.cpp">
      <Filter>Source Files</Filter>
    </ClCompile>
    <ClCompile Include="Config\Implementation\ClientConfig.cpp">
      <Filter>Source Files</Filter>
    </ClCompile>
    <ClCompile Include="Request\Implementation\Request.cpp">
      <Filter>Source Files</Filter>
    </ClCompile>
    <ClCompile Include="Response\Implementation\Response.cpp">
      <Filter>Source Files</Filter>
    </ClCompile>
    <ClCompile Include="main.cpp">
      <Filter>Source Files</Filter>
    </ClCompile>
    <ClCompile Include="User\Implementation\User.cpp">
      <Filter>Source Files</Filter>
    </ClCompile>
  </ItemGroup>
</Project>