<?xml version="1.0" encoding="utf-8"?>
<Project ToolsVersion="4.0" xmlns="http://schemas.microsoft.com/developer/msbuild/2003">
  <ItemGroup>
    <Filter Include="Source Files">
      <UniqueIdentifier>{4FC737F1-C7A5-4376-A066-2A32D752A2FF}</UniqueIdentifier>
      <Extensions>cpp;c;cc;cxx;c++;cppm;ixx;def;odl;idl;hpj;bat;asm;asmx</Extensions>
    </Filter>
    <Filter Include="Header Files">
      <UniqueIdentifier>{93995380-89BD-4b04-88EB-625FBE52EBFB}</UniqueIdentifier>
      <Extensions>h;hh;hpp;hxx;h++;hm;inl;inc;ipp;xsd</Extensions>
    </Filter>
    <Filter Include="Resource Files">
      <UniqueIdentifier>{67DA6AB6-F800-4c08-8B7A-83BB121AAD01}</UniqueIdentifier>
      <Extensions>rc;ico;cur;bmp;dlg;rc2;rct;bin;rgs;gif;jpg;jpeg;jpe;resx;tiff;tif;png;wav;mfcribbon-ms</Extensions>
    </Filter>
    <Filter Include="Source Files\Request">
      <UniqueIdentifier>{060573f6-cd13-4b19-947b-7203f8872554}</UniqueIdentifier>
    </Filter>
    <Filter Include="Header Files\Request">
      <UniqueIdentifier>{54504e4f-bf40-42e8-8d96-c101d9d6f611}</UniqueIdentifier>
    </Filter>
    <Filter Include="Source Files\Response">
      <UniqueIdentifier>{02d43c94-70f2-41ca-a617-ccc338ee405d}</UniqueIdentifier>
    </Filter>
    <Filter Include="Header Files\Response">
      <UniqueIdentifier>{2b1ef69c-96ae-4aa3-8f3d-f72fca8b43eb}</UniqueIdentifier>
    </Filter>
    <Filter Include="Source Files\Encryption">
      <UniqueIdentifier>{cc236e6e-c4c0-4fd9-a0fa-984899ebfbeb}</UniqueIdentifier>
    </Filter>
    <Filter Include="Header Files\Encryption">
      <UniqueIdentifier>{b80a4d70-004e-44b0-8da1-bef269dfd6cb}</UniqueIdentifier>
    </Filter>
    <Filter Include="Header Files\Encryption\RSA">
      <UniqueIdentifier>{148dc42e-aa77-45ed-a4e0-063c1f3b084d}</UniqueIdentifier>
    </Filter>
  </ItemGroup>
  <ItemGroup>
    <ClCompile Include="Main.cpp">
      <Filter>Source Files</Filter>
    </ClCompile>
    <ClCompile Include="Base64Handler.cpp">
      <Filter>Source Files\Encryption</Filter>
    </ClCompile>
  </ItemGroup>
  <ItemGroup>
    <ClInclude Include="AESHandler.h">
      <Filter>Header Files\Encryption</Filter>
    </ClInclude>
    <ClInclude Include="Base64Handler.h">
      <Filter>Header Files\Encryption</Filter>
    </ClInclude>
    <ClInclude Include="RSAHandler.h">
      <Filter>Header Files\Encryption\RSA</Filter>
    </ClInclude>
    <ClInclude Include="PublicRSAHandler.h">
      <Filter>Header Files\Encryption\RSA</Filter>
    </ClInclude>
    <ClInclude Include="PrivateRSAHandler.h">
      <Filter>Header Files\Encryption\RSA</Filter>
    </ClInclude>
  </ItemGroup>
</Project>